// !$*UTF8*$!
{
	archiveVersion = 1;
	classes = {
	};
	objectVersion = 50;
	objects = {

/* Begin PBXBuildFile section */
		7E4B61D62704A1B6007833DC /* AppDelegate.swift in Sources */ = {isa = PBXBuildFile; fileRef = 7E4B61D52704A1B6007833DC /* AppDelegate.swift */; };
		7E4B61D82704A1B6007833DC /* SceneDelegate.swift in Sources */ = {isa = PBXBuildFile; fileRef = 7E4B61D72704A1B6007833DC /* SceneDelegate.swift */; };
		7E4B61DD2704A1B6007833DC /* Main.storyboard in Resources */ = {isa = PBXBuildFile; fileRef = 7E4B61DB2704A1B6007833DC /* Main.storyboard */; };
		7E4B61DF2704A1B8007833DC /* Assets.xcassets in Resources */ = {isa = PBXBuildFile; fileRef = 7E4B61DE2704A1B8007833DC /* Assets.xcassets */; };
		7E4B61E22704A1B8007833DC /* LaunchScreen.storyboard in Resources */ = {isa = PBXBuildFile; fileRef = 7E4B61E02704A1B8007833DC /* LaunchScreen.storyboard */; };
		7E4B61EB2704A33E007833DC /* UserSearchViewController.swift in Sources */ = {isa = PBXBuildFile; fileRef = 7E4B61EA2704A33E007833DC /* UserSearchViewController.swift */; };
		7E4B61EE2704A360007833DC /* UserSearchViewModel.swift in Sources */ = {isa = PBXBuildFile; fileRef = 7E4B61ED2704A360007833DC /* UserSearchViewModel.swift */; };
		7E4B61F42704AEB3007833DC /* UserSearchCell.swift in Sources */ = {isa = PBXBuildFile; fileRef = 7E4B61F22704AEB3007833DC /* UserSearchCell.swift */; };
		7E4B61F52704AEB3007833DC /* UserSearchCell.xib in Resources */ = {isa = PBXBuildFile; fileRef = 7E4B61F32704AEB3007833DC /* UserSearchCell.xib */; };
		7E4B61F92704DC63007833DC /* UserSearchCellProvider.swift in Sources */ = {isa = PBXBuildFile; fileRef = 7E4B61F82704DC63007833DC /* UserSearchCellProvider.swift */; };
		7E4B61FF2704DD75007833DC /* User.swift in Sources */ = {isa = PBXBuildFile; fileRef = 7E4B61FE2704DD75007833DC /* User.swift */; };
		7E4B62012705B0A1007833DC /* UserProvider.swift in Sources */ = {isa = PBXBuildFile; fileRef = 7E4B62002705B0A1007833DC /* UserProvider.swift */; };
		7E4B62032705B0BD007833DC /* UserProviderProtocol.swift in Sources */ = {isa = PBXBuildFile; fileRef = 7E4B62022705B0BD007833DC /* UserProviderProtocol.swift */; };
/* End PBXBuildFile section */

/* Begin PBXFileReference section */
		7E4B61D22704A1B6007833DC /* GitApp.app */ = {isa = PBXFileReference; explicitFileType = wrapper.application; includeInIndex = 0; path = GitApp.app; sourceTree = BUILT_PRODUCTS_DIR; };
		7E4B61D52704A1B6007833DC /* AppDelegate.swift */ = {isa = PBXFileReference; lastKnownFileType = sourcecode.swift; path = AppDelegate.swift; sourceTree = "<group>"; };
		7E4B61D72704A1B6007833DC /* SceneDelegate.swift */ = {isa = PBXFileReference; lastKnownFileType = sourcecode.swift; path = SceneDelegate.swift; sourceTree = "<group>"; };
		7E4B61DC2704A1B6007833DC /* Base */ = {isa = PBXFileReference; lastKnownFileType = file.storyboard; name = Base; path = Base.lproj/Main.storyboard; sourceTree = "<group>"; };
		7E4B61DE2704A1B8007833DC /* Assets.xcassets */ = {isa = PBXFileReference; lastKnownFileType = folder.assetcatalog; path = Assets.xcassets; sourceTree = "<group>"; };
		7E4B61E12704A1B8007833DC /* Base */ = {isa = PBXFileReference; lastKnownFileType = file.storyboard; name = Base; path = Base.lproj/LaunchScreen.storyboard; sourceTree = "<group>"; };
		7E4B61E32704A1B8007833DC /* Info.plist */ = {isa = PBXFileReference; lastKnownFileType = text.plist.xml; path = Info.plist; sourceTree = "<group>"; };
		7E4B61EA2704A33E007833DC /* UserSearchViewController.swift */ = {isa = PBXFileReference; lastKnownFileType = sourcecode.swift; path = UserSearchViewController.swift; sourceTree = "<group>"; };
		7E4B61ED2704A360007833DC /* UserSearchViewModel.swift */ = {isa = PBXFileReference; lastKnownFileType = sourcecode.swift; path = UserSearchViewModel.swift; sourceTree = "<group>"; };
		7E4B61F22704AEB3007833DC /* UserSearchCell.swift */ = {isa = PBXFileReference; lastKnownFileType = sourcecode.swift; path = UserSearchCell.swift; sourceTree = "<group>"; };
		7E4B61F32704AEB3007833DC /* UserSearchCell.xib */ = {isa = PBXFileReference; lastKnownFileType = file.xib; path = UserSearchCell.xib; sourceTree = "<group>"; };
		7E4B61F82704DC63007833DC /* UserSearchCellProvider.swift */ = {isa = PBXFileReference; lastKnownFileType = sourcecode.swift; path = UserSearchCellProvider.swift; sourceTree = "<group>"; };
		7E4B61FE2704DD75007833DC /* User.swift */ = {isa = PBXFileReference; lastKnownFileType = sourcecode.swift; path = User.swift; sourceTree = "<group>"; };
		7E4B62002705B0A1007833DC /* UserProvider.swift */ = {isa = PBXFileReference; lastKnownFileType = sourcecode.swift; path = UserProvider.swift; sourceTree = "<group>"; };
		7E4B62022705B0BD007833DC /* UserProviderProtocol.swift */ = {isa = PBXFileReference; lastKnownFileType = sourcecode.swift; path = UserProviderProtocol.swift; sourceTree = "<group>"; };
/* End PBXFileReference section */

/* Begin PBXFrameworksBuildPhase section */
		7E4B61CF2704A1B6007833DC /* Frameworks */ = {
			isa = PBXFrameworksBuildPhase;
			buildActionMask = 2147483647;
			files = (
			);
			runOnlyForDeploymentPostprocessing = 0;
		};
/* End PBXFrameworksBuildPhase section */

/* Begin PBXGroup section */
		7E4B61C92704A1B6007833DC = {
			isa = PBXGroup;
			children = (
				7E4B61D42704A1B6007833DC /* GitApp */,
				7E4B61D32704A1B6007833DC /* Products */,
			);
			sourceTree = "<group>";
		};
		7E4B61D32704A1B6007833DC /* Products */ = {
			isa = PBXGroup;
			children = (
				7E4B61D22704A1B6007833DC /* GitApp.app */,
			);
			name = Products;
			sourceTree = "<group>";
		};
		7E4B61D42704A1B6007833DC /* GitApp */ = {
			isa = PBXGroup;
			children = (
				7E4B61FD2704DD5F007833DC /* Models */,
				7E4B61F72704D7CB007833DC /* Domain */,
				7E4B61F62704D774007833DC /* Data */,
				7E4B61E92704A30C007833DC /* Presentation */,
				7E4B61D52704A1B6007833DC /* AppDelegate.swift */,
				7E4B61D72704A1B6007833DC /* SceneDelegate.swift */,
				7E4B61DB2704A1B6007833DC /* Main.storyboard */,
				7E4B61DE2704A1B8007833DC /* Assets.xcassets */,
				7E4B61E02704A1B8007833DC /* LaunchScreen.storyboard */,
				7E4B61E32704A1B8007833DC /* Info.plist */,
			);
			path = GitApp;
			sourceTree = "<group>";
		};
		7E4B61E92704A30C007833DC /* Presentation */ = {
			isa = PBXGroup;
			children = (
				7E4B61EC2704A342007833DC /* UserSearchView */,
			);
			path = Presentation;
			sourceTree = "<group>";
		};
		7E4B61EC2704A342007833DC /* UserSearchView */ = {
			isa = PBXGroup;
			children = (
				7E4B61EF2704AC36007833DC /* UserSearchCell */,
				7E4B61EA2704A33E007833DC /* UserSearchViewController.swift */,
				7E4B61ED2704A360007833DC /* UserSearchViewModel.swift */,
			);
			path = UserSearchView;
			sourceTree = "<group>";
		};
		7E4B61EF2704AC36007833DC /* UserSearchCell */ = {
			isa = PBXGroup;
			children = (
				7E4B61F22704AEB3007833DC /* UserSearchCell.swift */,
				7E4B61F32704AEB3007833DC /* UserSearchCell.xib */,
				7E4B61F82704DC63007833DC /* UserSearchCellProvider.swift */,
			);
			path = UserSearchCell;
			sourceTree = "<group>";
		};
		7E4B61F62704D774007833DC /* Data */ = {
			isa = PBXGroup;
			children = (
				7E4B62002705B0A1007833DC /* UserProvider.swift */,
			);
			path = Data;
			sourceTree = "<group>";
		};
		7E4B61F72704D7CB007833DC /* Domain */ = {
			isa = PBXGroup;
			children = (
				7E4B62022705B0BD007833DC /* UserProviderProtocol.swift */,
			);
			path = Domain;
			sourceTree = "<group>";
		};
		7E4B61FD2704DD5F007833DC /* Models */ = {
			isa = PBXGroup;
			children = (
				7E4B61FE2704DD75007833DC /* User.swift */,
			);
			path = Models;
			sourceTree = "<group>";
		};
/* End PBXGroup section */

/* Begin PBXNativeTarget section */
		7E4B61D12704A1B6007833DC /* GitApp */ = {
			isa = PBXNativeTarget;
			buildConfigurationList = 7E4B61E62704A1B8007833DC /* Build configuration list for PBXNativeTarget "GitApp" */;
			buildPhases = (
				7E4B61CE2704A1B6007833DC /* Sources */,
				7E4B61CF2704A1B6007833DC /* Frameworks */,
				7E4B61D02704A1B6007833DC /* Resources */,
			);
			buildRules = (
			);
			dependencies = (
			);
			name = GitApp;
			productName = GitApp;
			productReference = 7E4B61D22704A1B6007833DC /* GitApp.app */;
			productType = "com.apple.product-type.application";
		};
/* End PBXNativeTarget section */

/* Begin PBXProject section */
		7E4B61CA2704A1B6007833DC /* Project object */ = {
			isa = PBXProject;
			attributes = {
				LastSwiftUpdateCheck = 1250;
				LastUpgradeCheck = 1250;
				TargetAttributes = {
					7E4B61D12704A1B6007833DC = {
						CreatedOnToolsVersion = 12.5.1;
					};
				};
			};
			buildConfigurationList = 7E4B61CD2704A1B6007833DC /* Build configuration list for PBXProject "GitApp" */;
			compatibilityVersion = "Xcode 9.3";
			developmentRegion = en;
			hasScannedForEncodings = 0;
			knownRegions = (
				en,
				Base,
			);
			mainGroup = 7E4B61C92704A1B6007833DC;
			productRefGroup = 7E4B61D32704A1B6007833DC /* Products */;
			projectDirPath = "";
			projectRoot = "";
			targets = (
				7E4B61D12704A1B6007833DC /* GitApp */,
			);
		};
/* End PBXProject section */

/* Begin PBXResourcesBuildPhase section */
		7E4B61D02704A1B6007833DC /* Resources */ = {
			isa = PBXResourcesBuildPhase;
			buildActionMask = 2147483647;
			files = (
				7E4B61F52704AEB3007833DC /* UserSearchCell.xib in Resources */,
				7E4B61E22704A1B8007833DC /* LaunchScreen.storyboard in Resources */,
				7E4B61DF2704A1B8007833DC /* Assets.xcassets in Resources */,
				7E4B61DD2704A1B6007833DC /* Main.storyboard in Resources */,
			);
			runOnlyForDeploymentPostprocessing = 0;
		};
/* End PBXResourcesBuildPhase section */

/* Begin PBXSourcesBuildPhase section */
		7E4B61CE2704A1B6007833DC /* Sources */ = {
			isa = PBXSourcesBuildPhase;
			buildActionMask = 2147483647;
			files = (
				7E4B61EB2704A33E007833DC /* UserSearchViewController.swift in Sources */,
				7E4B61F92704DC63007833DC /* UserSearchCellProvider.swift in Sources */,
				7E4B62032705B0BD007833DC /* UserProviderProtocol.swift in Sources */,
				7E4B61D62704A1B6007833DC /* AppDelegate.swift in Sources */,
				7E4B61EE2704A360007833DC /* UserSearchViewModel.swift in Sources */,
				7E4B61F42704AEB3007833DC /* UserSearchCell.swift in Sources */,
				7E4B61D82704A1B6007833DC /* SceneDelegate.swift in Sources */,
				7E4B61FF2704DD75007833DC /* User.swift in Sources */,
				7E4B62012705B0A1007833DC /* UserProvider.swift in Sources */,
			);
			runOnlyForDeploymentPostprocessing = 0;
		};
/* End PBXSourcesBuildPhase section */

/* Begin PBXVariantGroup section */
		7E4B61DB2704A1B6007833DC /* Main.storyboard */ = {
			isa = PBXVariantGroup;
			children = (
				7E4B61DC2704A1B6007833DC /* Base */,
			);
			name = Main.storyboard;
			sourceTree = "<group>";
		};
		7E4B61E02704A1B8007833DC /* LaunchScreen.storyboard */ = {
			isa = PBXVariantGroup;
			children = (
				7E4B61E12704A1B8007833DC /* Base */,
			);
			name = LaunchScreen.storyboard;
			sourceTree = "<group>";
		};
/* End PBXVariantGroup section */

/* Begin XCBuildConfiguration section */
		7E4B61E42704A1B8007833DC /* Debug */ = {
			isa = XCBuildConfiguration;
			buildSettings = {
				ALWAYS_SEARCH_USER_PATHS = NO;
				CLANG_ANALYZER_NONNULL = YES;
				CLANG_ANALYZER_NUMBER_OBJECT_CONVERSION = YES_AGGRESSIVE;
				CLANG_CXX_LANGUAGE_STANDARD = "gnu++14";
				CLANG_CXX_LIBRARY = "libc++";
				CLANG_ENABLE_MODULES = YES;
				CLANG_ENABLE_OBJC_ARC = YES;
				CLANG_ENABLE_OBJC_WEAK = YES;
				CLANG_WARN_BLOCK_CAPTURE_AUTORELEASING = YES;
				CLANG_WARN_BOOL_CONVERSION = YES;
				CLANG_WARN_COMMA = YES;
				CLANG_WARN_CONSTANT_CONVERSION = YES;
				CLANG_WARN_DEPRECATED_OBJC_IMPLEMENTATIONS = YES;
				CLANG_WARN_DIRECT_OBJC_ISA_USAGE = YES_ERROR;
				CLANG_WARN_DOCUMENTATION_COMMENTS = YES;
				CLANG_WARN_EMPTY_BODY = YES;
				CLANG_WARN_ENUM_CONVERSION = YES;
				CLANG_WARN_INFINITE_RECURSION = YES;
				CLANG_WARN_INT_CONVERSION = YES;
				CLANG_WARN_NON_LITERAL_NULL_CONVERSION = YES;
				CLANG_WARN_OBJC_IMPLICIT_RETAIN_SELF = YES;
				CLANG_WARN_OBJC_LITERAL_CONVERSION = YES;
				CLANG_WARN_OBJC_ROOT_CLASS = YES_ERROR;
				CLANG_WARN_QUOTED_INCLUDE_IN_FRAMEWORK_HEADER = YES;
				CLANG_WARN_RANGE_LOOP_ANALYSIS = YES;
				CLANG_WARN_STRICT_PROTOTYPES = YES;
				CLANG_WARN_SUSPICIOUS_MOVE = YES;
				CLANG_WARN_UNGUARDED_AVAILABILITY = YES_AGGRESSIVE;
				CLANG_WARN_UNREACHABLE_CODE = YES;
				CLANG_WARN__DUPLICATE_METHOD_MATCH = YES;
				COPY_PHASE_STRIP = NO;
				DEBUG_INFORMATION_FORMAT = dwarf;
				ENABLE_STRICT_OBJC_MSGSEND = YES;
				ENABLE_TESTABILITY = YES;
				GCC_C_LANGUAGE_STANDARD = gnu11;
				GCC_DYNAMIC_NO_PIC = NO;
				GCC_NO_COMMON_BLOCKS = YES;
				GCC_OPTIMIZATION_LEVEL = 0;
				GCC_PREPROCESSOR_DEFINITIONS = (
					"DEBUG=1",
					"$(inherited)",
				);
				GCC_WARN_64_TO_32_BIT_CONVERSION = YES;
				GCC_WARN_ABOUT_RETURN_TYPE = YES_ERROR;
				GCC_WARN_UNDECLARED_SELECTOR = YES;
				GCC_WARN_UNINITIALIZED_AUTOS = YES_AGGRESSIVE;
				GCC_WARN_UNUSED_FUNCTION = YES;
				GCC_WARN_UNUSED_VARIABLE = YES;
				IPHONEOS_DEPLOYMENT_TARGET = 14.5;
				MTL_ENABLE_DEBUG_INFO = INCLUDE_SOURCE;
				MTL_FAST_MATH = YES;
				ONLY_ACTIVE_ARCH = YES;
				SDKROOT = iphoneos;
				SWIFT_ACTIVE_COMPILATION_CONDITIONS = DEBUG;
				SWIFT_OPTIMIZATION_LEVEL = "-Onone";
			};
			name = Debug;
		};
		7E4B61E52704A1B8007833DC /* Release */ = {
			isa = XCBuildConfiguration;
			buildSettings = {
				ALWAYS_SEARCH_USER_PATHS = NO;
				CLANG_ANALYZER_NONNULL = YES;
				CLANG_ANALYZER_NUMBER_OBJECT_CONVERSION = YES_AGGRESSIVE;
				CLANG_CXX_LANGUAGE_STANDARD = "gnu++14";
				CLANG_CXX_LIBRARY = "libc++";
				CLANG_ENABLE_MODULES = YES;
				CLANG_ENABLE_OBJC_ARC = YES;
				CLANG_ENABLE_OBJC_WEAK = YES;
				CLANG_WARN_BLOCK_CAPTURE_AUTORELEASING = YES;
				CLANG_WARN_BOOL_CONVERSION = YES;
				CLANG_WARN_COMMA = YES;
				CLANG_WARN_CONSTANT_CONVERSION = YES;
				CLANG_WARN_DEPRECATED_OBJC_IMPLEMENTATIONS = YES;
				CLANG_WARN_DIRECT_OBJC_ISA_USAGE = YES_ERROR;
				CLANG_WARN_DOCUMENTATION_COMMENTS = YES;
				CLANG_WARN_EMPTY_BODY = YES;
				CLANG_WARN_ENUM_CONVERSION = YES;
				CLANG_WARN_INFINITE_RECURSION = YES;
				CLANG_WARN_INT_CONVERSION = YES;
				CLANG_WARN_NON_LITERAL_NULL_CONVERSION = YES;
				CLANG_WARN_OBJC_IMPLICIT_RETAIN_SELF = YES;
				CLANG_WARN_OBJC_LITERAL_CONVERSION = YES;
				CLANG_WARN_OBJC_ROOT_CLASS = YES_ERROR;
				CLANG_WARN_QUOTED_INCLUDE_IN_FRAMEWORK_HEADER = YES;
				CLANG_WARN_RANGE_LOOP_ANALYSIS = YES;
				CLANG_WARN_STRICT_PROTOTYPES = YES;
				CLANG_WARN_SUSPICIOUS_MOVE = YES;
				CLANG_WARN_UNGUARDED_AVAILABILITY = YES_AGGRESSIVE;
				CLANG_WARN_UNREACHABLE_CODE = YES;
				CLANG_WARN__DUPLICATE_METHOD_MATCH = YES;
				COPY_PHASE_STRIP = NO;
				DEBUG_INFORMATION_FORMAT = "dwarf-with-dsym";
				ENABLE_NS_ASSERTIONS = NO;
				ENABLE_STRICT_OBJC_MSGSEND = YES;
				GCC_C_LANGUAGE_STANDARD = gnu11;
				GCC_NO_COMMON_BLOCKS = YES;
				GCC_WARN_64_TO_32_BIT_CONVERSION = YES;
				GCC_WARN_ABOUT_RETURN_TYPE = YES_ERROR;
				GCC_WARN_UNDECLARED_SELECTOR = YES;
				GCC_WARN_UNINITIALIZED_AUTOS = YES_AGGRESSIVE;
				GCC_WARN_UNUSED_FUNCTION = YES;
				GCC_WARN_UNUSED_VARIABLE = YES;
				IPHONEOS_DEPLOYMENT_TARGET = 14.5;
				MTL_ENABLE_DEBUG_INFO = NO;
				MTL_FAST_MATH = YES;
				SDKROOT = iphoneos;
				SWIFT_COMPILATION_MODE = wholemodule;
				SWIFT_OPTIMIZATION_LEVEL = "-O";
				VALIDATE_PRODUCT = YES;
			};
			name = Release;
		};
		7E4B61E72704A1B8007833DC /* Debug */ = {
			isa = XCBuildConfiguration;
			buildSettings = {
				ASSETCATALOG_COMPILER_APPICON_NAME = AppIcon;
				ASSETCATALOG_COMPILER_GLOBAL_ACCENT_COLOR_NAME = AccentColor;
				CODE_SIGN_STYLE = Automatic;
				INFOPLIST_FILE = GitApp/Info.plist;
				LD_RUNPATH_SEARCH_PATHS = (
					"$(inherited)",
					"@executable_path/Frameworks",
				);
				PRODUCT_BUNDLE_IDENTIFIER = misha.GitApp;
				PRODUCT_NAME = "$(TARGET_NAME)";
				SWIFT_VERSION = 5.0;
				TARGETED_DEVICE_FAMILY = "1,2";
			};
			name = Debug;
		};
		7E4B61E82704A1B8007833DC /* Release */ = {
			isa = XCBuildConfiguration;
			buildSettings = {
				ASSETCATALOG_COMPILER_APPICON_NAME = AppIcon;
				ASSETCATALOG_COMPILER_GLOBAL_ACCENT_COLOR_NAME = AccentColor;
				CODE_SIGN_STYLE = Automatic;
				INFOPLIST_FILE = GitApp/Info.plist;
				LD_RUNPATH_SEARCH_PATHS = (
					"$(inherited)",
					"@executable_path/Frameworks",
				);
				PRODUCT_BUNDLE_IDENTIFIER = misha.GitApp;
				PRODUCT_NAME = "$(TARGET_NAME)";
				SWIFT_VERSION = 5.0;
				TARGETED_DEVICE_FAMILY = "1,2";
			};
			name = Release;
		};
/* End XCBuildConfiguration section */

/* Begin XCConfigurationList section */
		7E4B61CD2704A1B6007833DC /* Build configuration list for PBXProject "GitApp" */ = {
			isa = XCConfigurationList;
			buildConfigurations = (
				7E4B61E42704A1B8007833DC /* Debug */,
				7E4B61E52704A1B8007833DC /* Release */,
			);
			defaultConfigurationIsVisible = 0;
			defaultConfigurationName = Release;
		};
		7E4B61E62704A1B8007833DC /* Build configuration list for PBXNativeTarget "GitApp" */ = {
			isa = XCConfigurationList;
			buildConfigurations = (
				7E4B61E72704A1B8007833DC /* Debug */,
				7E4B61E82704A1B8007833DC /* Release */,
			);
			defaultConfigurationIsVisible = 0;
			defaultConfigurationName = Release;
		};
/* End XCConfigurationList section */
	};
	rootObject = 7E4B61CA2704A1B6007833DC /* Project object */;
}
